
Microsoft Visual Studio Solution File, Format Version 12.00
# Visual Studio Version 17
VisualStudioVersion = 17.9.34622.214
MinimumVisualStudioVersion = 10.0.40219.1
Project("{FAE04EC0-301F-11D3-BF4B-00C04F79EFBC}") = "hw28April", "hw28April\hw28April.csproj", "{4E4E1D18-B1AA-4A90-A1C8-55C9B11AF63C}"
EndProject
Global
	GlobalSection(SolutionConfigurationPlatforms) = preSolution
		Debug|Any CPU = Debug|Any CPU
		Release|Any CPU = Release|Any CPU
	EndGlobalSection
	GlobalSection(ProjectConfigurationPlatforms) = postSolution
		{4E4E1D18-B1AA-4A90-A1C8-55C9B11AF63C}.Debug|Any CPU.ActiveCfg = Debug|Any CPU
		{4E4E1D18-B1AA-4A90-A1C8-55C9B11AF63C}.Debug|Any CPU.Build.0 = Debug|Any CPU
		{4E4E1D18-B1AA-4A90-A1C8-55C9B11AF63C}.Release|Any CPU.ActiveCfg = Release|Any CPU
		{4E4E1D18-B1AA-4A90-A1C8-55C9B11AF63C}.Release|Any CPU.Build.0 = Release|Any CPU
	EndGlobalSection
	GlobalSection(SolutionProperties) = preSolution
		HideSolutionNode = FALSE
	EndGlobalSection
	GlobalSection(ExtensibilityGlobals) = postSolution
		SolutionGuid = {C09EA8BB-3391-4AE4-BAF0-7A4AFE40B07D}
	EndGlobalSection
EndGlobal
